
Microsoft Visual Studio Solution File, Format Version 12.00
# Visual Studio Version 17
VisualStudioVersion = 17.2.32519.379
MinimumVisualStudioVersion = 10.0.40219.1
Project("{FAE04EC0-301F-11D3-BF4B-00C04F79EFBC}") = "Hra", "Hra\Hra.csproj", "{6DEBB2BC-8658-4F1D-B65C-E8B1268AFCFD}"
EndProject
Project("{FAE04EC0-301F-11D3-BF4B-00C04F79EFBC}") = "Hra_z_testu", "Hra_z_testu\Hra_z_testu.csproj", "{77AC10E5-B19A-4B0F-8432-B12B24AA134F}"
EndProject
Global
	GlobalSection(SolutionConfigurationPlatforms) = preSolution
		Debug|Any CPU = Debug|Any CPU
		Release|Any CPU = Release|Any CPU
	EndGlobalSection
	GlobalSection(ProjectConfigurationPlatforms) = postSolution
		{6DEBB2BC-8658-4F1D-B65C-E8B1268AFCFD}.Debug|Any CPU.ActiveCfg = Debug|Any CPU
		{6DEBB2BC-8658-4F1D-B65C-E8B1268AFCFD}.Debug|Any CPU.Build.0 = Debug|Any CPU
		{6DEBB2BC-8658-4F1D-B65C-E8B1268AFCFD}.Release|Any CPU.ActiveCfg = Release|Any CPU
		{6DEBB2BC-8658-4F1D-B65C-E8B1268AFCFD}.Release|Any CPU.Build.0 = Release|Any CPU
		{77AC10E5-B19A-4B0F-8432-B12B24AA134F}.Debug|Any CPU.ActiveCfg = Debug|Any CPU
		{77AC10E5-B19A-4B0F-8432-B12B24AA134F}.Debug|Any CPU.Build.0 = Debug|Any CPU
		{77AC10E5-B19A-4B0F-8432-B12B24AA134F}.Release|Any CPU.ActiveCfg = Release|Any CPU
		{77AC10E5-B19A-4B0F-8432-B12B24AA134F}.Release|Any CPU.Build.0 = Release|Any CPU
	EndGlobalSection
	GlobalSection(SolutionProperties) = preSolution
		HideSolutionNode = FALSE
	EndGlobalSection
	GlobalSection(ExtensibilityGlobals) = postSolution
		SolutionGuid = {15565E37-C5C6-4103-95A4-9013DAFA314F}
	EndGlobalSection
EndGlobal
